
Microsoft Visual Studio Solution File, Format Version 12.00
# Visual Studio Version 17
VisualStudioVersion = 17.0.31912.275
MinimumVisualStudioVersion = 10.0.40219.1
Project("{2150E333-8FDC-42A3-9474-1A3956D46DE8}") = "Application", "Application", "{4CEAC474-5BD6-46CF-B620-5A8F3172587B}"
EndProject
Project("{2150E333-8FDC-42A3-9474-1A3956D46DE8}") = "Solution Items", "Solution Items", "{5B0AA977-E409-4BC4-8113-5E05A094F3C6}"
EndProject
Project("{2150E333-8FDC-42A3-9474-1A3956D46DE8}") = "Tests", "Tests", "{634C4F13-1A14-40D6-9A8E-7199027BCE0E}"
EndProject
Project("{9A19103F-16F7-4668-BE54-9A1E7A4F7556}") = "FlowersForum.Api", "src\FlowersForum.Api\FlowersForum.Api.csproj", "{01482952-AB2C-4EC7-8992-AB369B1442D7}"
EndProject
Project("{9A19103F-16F7-4668-BE54-9A1E7A4F7556}") = "FlowersForum.Data", "src\FlowersForum.Data\FlowersForum.Data.csproj", "{9804A08A-D6E3-4ED3-A441-041BD8011B52}"
EndProject
Project("{9A19103F-16F7-4668-BE54-9A1E7A4F7556}") = "FlowersForum.Domain", "src\FlowersForum.Domain\FlowersForum.Domain.csproj", "{CA231D84-A85A-4A69-BA9D-68C987F271B3}"
EndProject
Project("{9A19103F-16F7-4668-BE54-9A1E7A4F7556}") = "FlowersForum.Services", "src\FlowersForum.Services\FlowersForum.Services.csproj", "{848F8522-6645-4A34-B24E-559E56DFFEDA}"
EndProject
Global
	GlobalSection(SolutionConfigurationPlatforms) = preSolution
		Debug|Any CPU = Debug|Any CPU
		Release|Any CPU = Release|Any CPU
	EndGlobalSection
	GlobalSection(ProjectConfigurationPlatforms) = postSolution
		{01482952-AB2C-4EC7-8992-AB369B1442D7}.Debug|Any CPU.ActiveCfg = Debug|Any CPU
		{01482952-AB2C-4EC7-8992-AB369B1442D7}.Debug|Any CPU.Build.0 = Debug|Any CPU
		{01482952-AB2C-4EC7-8992-AB369B1442D7}.Release|Any CPU.ActiveCfg = Release|Any CPU
		{01482952-AB2C-4EC7-8992-AB369B1442D7}.Release|Any CPU.Build.0 = Release|Any CPU
		{9804A08A-D6E3-4ED3-A441-041BD8011B52}.Debug|Any CPU.ActiveCfg = Debug|Any CPU
		{9804A08A-D6E3-4ED3-A441-041BD8011B52}.Debug|Any CPU.Build.0 = Debug|Any CPU
		{9804A08A-D6E3-4ED3-A441-041BD8011B52}.Release|Any CPU.ActiveCfg = Release|Any CPU
		{9804A08A-D6E3-4ED3-A441-041BD8011B52}.Release|Any CPU.Build.0 = Release|Any CPU
		{CA231D84-A85A-4A69-BA9D-68C987F271B3}.Debug|Any CPU.ActiveCfg = Debug|Any CPU
		{CA231D84-A85A-4A69-BA9D-68C987F271B3}.Debug|Any CPU.Build.0 = Debug|Any CPU
		{CA231D84-A85A-4A69-BA9D-68C987F271B3}.Release|Any CPU.ActiveCfg = Release|Any CPU
		{CA231D84-A85A-4A69-BA9D-68C987F271B3}.Release|Any CPU.Build.0 = Release|Any CPU
		{848F8522-6645-4A34-B24E-559E56DFFEDA}.Debug|Any CPU.ActiveCfg = Debug|Any CPU
		{848F8522-6645-4A34-B24E-559E56DFFEDA}.Debug|Any CPU.Build.0 = Debug|Any CPU
		{848F8522-6645-4A34-B24E-559E56DFFEDA}.Release|Any CPU.ActiveCfg = Release|Any CPU
		{848F8522-6645-4A34-B24E-559E56DFFEDA}.Release|Any CPU.Build.0 = Release|Any CPU
	EndGlobalSection
	GlobalSection(SolutionProperties) = preSolution
		HideSolutionNode = FALSE
	EndGlobalSection
	GlobalSection(NestedProjects) = preSolution
		{01482952-AB2C-4EC7-8992-AB369B1442D7} = {4CEAC474-5BD6-46CF-B620-5A8F3172587B}
		{9804A08A-D6E3-4ED3-A441-041BD8011B52} = {4CEAC474-5BD6-46CF-B620-5A8F3172587B}
		{CA231D84-A85A-4A69-BA9D-68C987F271B3} = {4CEAC474-5BD6-46CF-B620-5A8F3172587B}
		{848F8522-6645-4A34-B24E-559E56DFFEDA} = {4CEAC474-5BD6-46CF-B620-5A8F3172587B}
	EndGlobalSection
	GlobalSection(ExtensibilityGlobals) = postSolution
		SolutionGuid = {81F897AD-D502-4C3E-8D5C-CAC3B7EA53AD}
	EndGlobalSection
EndGlobal
